<?xml version="1.0" encoding="utf-8"?>
<Project ToolsVersion="4.0" xmlns="http://schemas.microsoft.com/developer/msbuild/2003">
  <ItemGroup>
    <Filter Include="Source Files">
      <UniqueIdentifier>{4FC737F1-C7A5-4376-A066-2A32D752A2FF}</UniqueIdentifier>
      <Extensions>cpp;c;cc;cxx;def;odl;idl;hpj;bat;asm;asmx</Extensions>
    </Filter>
    <Filter Include="Resource Files">
      <UniqueIdentifier>{67DA6AB6-F800-4c08-8B7A-83BB121AAD01}</UniqueIdentifier>
      <Extensions>rc;ico;cur;bmp;dlg;rc2;rct;bin;rgs;gif;jpg;jpeg;jpe;resx;tiff;tif;png;wav;mfcribbon-ms</Extensions>
    </Filter>
    <Filter Include="GameSystems">
      <UniqueIdentifier>{a2a5d34b-2aa0-4bd4-ba86-12a79c07e80b}</UniqueIdentifier>
    </Filter>
    <Filter Include="GameSystems\Main">
      <UniqueIdentifier>{93995380-89BD-4b04-88EB-625FBE52EBFB}</UniqueIdentifier>
      <Extensions>h;hpp;hxx;hm;inl;inc;xsd</Extensions>
    </Filter>
    <Filter Include="GameSystems\OpenGL">
      <UniqueIdentifier>{36cd0481-81bd-476b-b5cb-32410099c55b}</UniqueIdentifier>
    </Filter>
    <Filter Include="GameSystems\Scripts">
      <UniqueIdentifier>{adf2c745-ea64-4aac-9e92-46bb6273fac7}</UniqueIdentifier>
    </Filter>
    <Filter Include="GameSystems\Data">
      <UniqueIdentifier>{957d5a72-fc34-4dd8-9aaf-9e36fcf46620}</UniqueIdentifier>
    </Filter>
    <Filter Include="GameSystems\Audio">
      <UniqueIdentifier>{fefc49d1-7796-4cf4-8e9f-fa283431faa7}</UniqueIdentifier>
    </Filter>
    <Filter Include="GameSystems\IO">
      <UniqueIdentifier>{6cd9a584-c3e6-4652-b3c0-6367014a678d}</UniqueIdentifier>
    </Filter>
  </ItemGroup>
  <ItemGroup>
    <ClCompile Include="main.cpp">
      <Filter>Source Files</Filter>
    </ClCompile>
    <ClCompile Include="cGameMgr.cpp">
      <Filter>GameSystems\Main</Filter>
    </ClCompile>
  </ItemGroup>
  <ItemGroup>
    <ClInclude Include="cGameMgr.h">
      <Filter>GameSystems\Main</Filter>
    </ClInclude>
  </ItemGroup>
</Project>